// !$*UTF8*$!
{
	archiveVersion = 1;
	classes = {
	};
	objectVersion = 46;
	objects = {

/* Begin PBXBuildFile section */
		D7F6763F1EE3E90700E1A22E /* main.m in Sources */ = {isa = PBXBuildFile; fileRef = D7F6763E1EE3E90700E1A22E /* main.m */; };
		D7F676471EE3E96E00E1A22E /* ContactList.m in Sources */ = {isa = PBXBuildFile; fileRef = D7F676461EE3E96E00E1A22E /* ContactList.m */; };
		D7F6764A1EE3E97700E1A22E /* Contact.m in Sources */ = {isa = PBXBuildFile; fileRef = D7F676491EE3E97700E1A22E /* Contact.m */; };
		D7F6764D1EE3E98700E1A22E /* InputCollector.m in Sources */ = {isa = PBXBuildFile; fileRef = D7F6764C1EE3E98700E1A22E /* InputCollector.m */; };
/* End PBXBuildFile section */

/* Begin PBXCopyFilesBuildPhase section */
		D7F676391EE3E90700E1A22E /* CopyFiles */ = {
			isa = PBXCopyFilesBuildPhase;
			buildActionMask = 2147483647;
			dstPath = /usr/share/man/man1/;
			dstSubfolderSpec = 0;
			files = (
			);
			runOnlyForDeploymentPostprocessing = 1;
		};
/* End PBXCopyFilesBuildPhase section */

/* Begin PBXFileReference section */
		D7F6763B1EE3E90700E1A22E /* ContactList */ = {isa = PBXFileReference; explicitFileType = "compiled.mach-o.executable"; includeInIndex = 0; path = ContactList; sourceTree = BUILT_PRODUCTS_DIR; };
		D7F6763E1EE3E90700E1A22E /* main.m */ = {isa = PBXFileReference; lastKnownFileType = sourcecode.c.objc; path = main.m; sourceTree = "<group>"; };
		D7F676451EE3E96E00E1A22E /* ContactList.h */ = {isa = PBXFileReference; fileEncoding = 4; lastKnownFileType = sourcecode.c.h; path = ContactList.h; sourceTree = "<group>"; };
		D7F676461EE3E96E00E1A22E /* ContactList.m */ = {isa = PBXFileReference; fileEncoding = 4; lastKnownFileType = sourcecode.c.objc; path = ContactList.m; sourceTree = "<group>"; };
		D7F676481EE3E97700E1A22E /* Contact.h */ = {isa = PBXFileReference; fileEncoding = 4; lastKnownFileType = sourcecode.c.h; path = Contact.h; sourceTree = "<group>"; };
		D7F676491EE3E97700E1A22E /* Contact.m */ = {isa = PBXFileReference; fileEncoding = 4; lastKnownFileType = sourcecode.c.objc; path = Contact.m; sourceTree = "<group>"; };
		D7F6764B1EE3E98700E1A22E /* InputCollector.h */ = {isa = PBXFileReference; fileEncoding = 4; lastKnownFileType = sourcecode.c.h; path = InputCollector.h; sourceTree = "<group>"; };
		D7F6764C1EE3E98700E1A22E /* InputCollector.m */ = {isa = PBXFileReference; fileEncoding = 4; lastKnownFileType = sourcecode.c.objc; path = InputCollector.m; sourceTree = "<group>"; };
/* End PBXFileReference section */

/* Begin PBXFrameworksBuildPhase section */
		D7F676381EE3E90700E1A22E /* Frameworks */ = {
			isa = PBXFrameworksBuildPhase;
			buildActionMask = 2147483647;
			files = (
			);
			runOnlyForDeploymentPostprocessing = 0;
		};
/* End PBXFrameworksBuildPhase section */

/* Begin PBXGroup section */
		D7F676321EE3E90700E1A22E = {
			isa = PBXGroup;
			children = (
				D7F6763D1EE3E90700E1A22E /* ContactList */,
				D7F6763C1EE3E90700E1A22E /* Products */,
			);
			sourceTree = "<group>";
		};
		D7F6763C1EE3E90700E1A22E /* Products */ = {
			isa = PBXGroup;
			children = (
				D7F6763B1EE3E90700E1A22E /* ContactList */,
			);
			name = Products;
			sourceTree = "<group>";
		};
		D7F6763D1EE3E90700E1A22E /* ContactList */ = {
			isa = PBXGroup;
			children = (
				D7F6763E1EE3E90700E1A22E /* main.m */,
				D7F676451EE3E96E00E1A22E /* ContactList.h */,
				D7F676461EE3E96E00E1A22E /* ContactList.m */,
				D7F676481EE3E97700E1A22E /* Contact.h */,
				D7F676491EE3E97700E1A22E /* Contact.m */,
				D7F6764B1EE3E98700E1A22E /* InputCollector.h */,
				D7F6764C1EE3E98700E1A22E /* InputCollector.m */,
			);
			path = ContactList;
			sourceTree = "<group>";
		};
/* End PBXGroup section */

/* Begin PBXNativeTarget section */
		D7F6763A1EE3E90700E1A22E /* ContactList */ = {
			isa = PBXNativeTarget;
			buildConfigurationList = D7F676421EE3E90700E1A22E /* Build configuration list for PBXNativeTarget "ContactList" */;
			buildPhases = (
				D7F676371EE3E90700E1A22E /* Sources */,
				D7F676381EE3E90700E1A22E /* Frameworks */,
				D7F676391EE3E90700E1A22E /* CopyFiles */,
			);
			buildRules = (
			);
			dependencies = (
			);
			name = ContactList;
			productName = ContactList;
			productReference = D7F6763B1EE3E90700E1A22E /* ContactList */;
			productType = "com.apple.product-type.tool";
		};
/* End PBXNativeTarget section */

/* Begin PBXProject section */
		D7F676331EE3E90700E1A22E /* Project object */ = {
			isa = PBXProject;
			attributes = {
				LastUpgradeCheck = 0830;
				ORGANIZATIONNAME = "Katrina de Guzman";
				TargetAttributes = {
					D7F6763A1EE3E90700E1A22E = {
						CreatedOnToolsVersion = 8.3.2;
						ProvisioningStyle = Automatic;
					};
				};
			};
			buildConfigurationList = D7F676361EE3E90700E1A22E /* Build configuration list for PBXProject "ContactList" */;
			compatibilityVersion = "Xcode 3.2";
			developmentRegion = English;
			hasScannedForEncodings = 0;
			knownRegions = (
				en,
			);
			mainGroup = D7F676321EE3E90700E1A22E;
			productRefGroup = D7F6763C1EE3E90700E1A22E /* Products */;
			projectDirPath = "";
			projectRoot = "";
			targets = (
				D7F6763A1EE3E90700E1A22E /* ContactList */,
			);
		};
/* End PBXProject section */

/* Begin PBXSourcesBuildPhase section */
		D7F676371EE3E90700E1A22E /* Sources */ = {
			isa = PBXSourcesBuildPhase;
			buildActionMask = 2147483647;
			files = (
				D7F676471EE3E96E00E1A22E /* ContactList.m in Sources */,
				D7F6764A1EE3E97700E1A22E /* Contact.m in Sources */,
				D7F6764D1EE3E98700E1A22E /* InputCollector.m in Sources */,
				D7F6763F1EE3E90700E1A22E /* main.m in Sources */,
			);
			runOnlyForDeploymentPostprocessing = 0;
		};
/* End PBXSourcesBuildPhase section */

/* Begin XCBuildConfiguration section */
		D7F676401EE3E90700E1A22E /* Debug */ = {
			isa = XCBuildConfiguration;
			buildSettings = {
				ALWAYS_SEARCH_USER_PATHS = NO;
				CLANG_ANALYZER_NONNULL = YES;
				CLANG_ANALYZER_NUMBER_OBJECT_CONVERSION = YES_AGGRESSIVE;
				CLANG_CXX_LANGUAGE_STANDARD = "gnu++0x";
				CLANG_CXX_LIBRARY = "libc++";
				CLANG_ENABLE_MODULES = YES;
				CLANG_ENABLE_OBJC_ARC = YES;
				CLANG_WARN_BOOL_CONVERSION = YES;
				CLANG_WARN_CONSTANT_CONVERSION = YES;
				CLANG_WARN_DIRECT_OBJC_ISA_USAGE = YES_ERROR;
				CLANG_WARN_DOCUMENTATION_COMMENTS = YES;
				CLANG_WARN_EMPTY_BODY = YES;
				CLANG_WARN_ENUM_CONVERSION = YES;
				CLANG_WARN_INFINITE_RECURSION = YES;
				CLANG_WARN_INT_CONVERSION = YES;
				CLANG_WARN_OBJC_ROOT_CLASS = YES_ERROR;
				CLANG_WARN_SUSPICIOUS_MOVE = YES;
				CLANG_WARN_UNREACHABLE_CODE = YES;
				CLANG_WARN__DUPLICATE_METHOD_MATCH = YES;
				CODE_SIGN_IDENTITY = "-";
				COPY_PHASE_STRIP = NO;
				DEBUG_INFORMATION_FORMAT = dwarf;
				ENABLE_STRICT_OBJC_MSGSEND = YES;
				ENABLE_TESTABILITY = YES;
				GCC_C_LANGUAGE_STANDARD = gnu99;
				GCC_DYNAMIC_NO_PIC = NO;
				GCC_NO_COMMON_BLOCKS = YES;
				GCC_OPTIMIZATION_LEVEL = 0;
				GCC_PREPROCESSOR_DEFINITIONS = (
					"DEBUG=1",
					"$(inherited)",
				);
				GCC_WARN_64_TO_32_BIT_CONVERSION = YES;
				GCC_WARN_ABOUT_RETURN_TYPE = YES_ERROR;
				GCC_WARN_UNDECLARED_SELECTOR = YES;
				GCC_WARN_UNINITIALIZED_AUTOS = YES_AGGRESSIVE;
				GCC_WARN_UNUSED_FUNCTION = YES;
				GCC_WARN_UNUSED_VARIABLE = YES;
				MACOSX_DEPLOYMENT_TARGET = 10.12;
				MTL_ENABLE_DEBUG_INFO = YES;
				ONLY_ACTIVE_ARCH = YES;
				SDKROOT = macosx;
			};
			name = Debug;
		};
		D7F676411EE3E90700E1A22E /* Release */ = {
			isa = XCBuildConfiguration;
			buildSettings = {
				ALWAYS_SEARCH_USER_PATHS = NO;
				CLANG_ANALYZER_NONNULL = YES;
				CLANG_ANALYZER_NUMBER_OBJECT_CONVERSION = YES_AGGRESSIVE;
				CLANG_CXX_LANGUAGE_STANDARD = "gnu++0x";
				CLANG_CXX_LIBRARY = "libc++";
				CLANG_ENABLE_MODULES = YES;
				CLANG_ENABLE_OBJC_ARC = YES;
				CLANG_WARN_BOOL_CONVERSION = YES;
				CLANG_WARN_CONSTANT_CONVERSION = YES;
				CLANG_WARN_DIRECT_OBJC_ISA_USAGE = YES_ERROR;
				CLANG_WARN_DOCUMENTATION_COMMENTS = YES;
				CLANG_WARN_EMPTY_BODY = YES;
				CLANG_WARN_ENUM_CONVERSION = YES;
				CLANG_WARN_INFINITE_RECURSION = YES;
				CLANG_WARN_INT_CONVERSION = YES;
				CLANG_WARN_OBJC_ROOT_CLASS = YES_ERROR;
				CLANG_WARN_SUSPICIOUS_MOVE = YES;
				CLANG_WARN_UNREACHABLE_CODE = YES;
				CLANG_WARN__DUPLICATE_METHOD_MATCH = YES;
				CODE_SIGN_IDENTITY = "-";
				COPY_PHASE_STRIP = NO;
				DEBUG_INFORMATION_FORMAT = "dwarf-with-dsym";
				ENABLE_NS_ASSERTIONS = NO;
				ENABLE_STRICT_OBJC_MSGSEND = YES;
				GCC_C_LANGUAGE_STANDARD = gnu99;
				GCC_NO_COMMON_BLOCKS = YES;
				GCC_WARN_64_TO_32_BIT_CONVERSION = YES;
				GCC_WARN_ABOUT_RETURN_TYPE = YES_ERROR;
				GCC_WARN_UNDECLARED_SELECTOR = YES;
				GCC_WARN_UNINITIALIZED_AUTOS = YES_AGGRESSIVE;
				GCC_WARN_UNUSED_FUNCTION = YES;
				GCC_WARN_UNUSED_VARIABLE = YES;
				MACOSX_DEPLOYMENT_TARGET = 10.12;
				MTL_ENABLE_DEBUG_INFO = NO;
				SDKROOT = macosx;
			};
			name = Release;
		};
		D7F676431EE3E90700E1A22E /* Debug */ = {
			isa = XCBuildConfiguration;
			buildSettings = {
				PRODUCT_NAME = "$(TARGET_NAME)";
			};
			name = Debug;
		};
		D7F676441EE3E90700E1A22E /* Release */ = {
			isa = XCBuildConfiguration;
			buildSettings = {
				PRODUCT_NAME = "$(TARGET_NAME)";
			};
			name = Release;
		};
/* End XCBuildConfiguration section */

/* Begin XCConfigurationList section */
		D7F676361EE3E90700E1A22E /* Build configuration list for PBXProject "ContactList" */ = {
			isa = XCConfigurationList;
			buildConfigurations = (
				D7F676401EE3E90700E1A22E /* Debug */,
				D7F676411EE3E90700E1A22E /* Release */,
			);
			defaultConfigurationIsVisible = 0;
			defaultConfigurationName = Release;
		};
		D7F676421EE3E90700E1A22E /* Build configuration list for PBXNativeTarget "ContactList" */ = {
			isa = XCConfigurationList;
			buildConfigurations = (
				D7F676431EE3E90700E1A22E /* Debug */,
				D7F676441EE3E90700E1A22E /* Release */,
			);
			defaultConfigurationIsVisible = 0;
		};
/* End XCConfigurationList section */
	};
	rootObject = D7F676331EE3E90700E1A22E /* Project object */;
}
